
Microsoft Visual Studio Solution File, Format Version 12.00
# Visual Studio Version 16
VisualStudioVersion = 16.0.30523.141
MinimumVisualStudioVersion = 10.0.40219.1
Project("{8BC9CEB8-8B4A-11D0-8D11-00A0C91BC942}") = "АлгСтр_данных_лб3", "АлгСтр_данных_лб3\АлгСтр_данных_лб3.vcxproj", "{DA5351C9-6638-465C-A796-704F53713A20}"
EndProject
Global
	GlobalSection(SolutionConfigurationPlatforms) = preSolution
		Debug|x64 = Debug|x64
		Debug|x86 = Debug|x86
		Release|x64 = Release|x64
		Release|x86 = Release|x86
	EndGlobalSection
	GlobalSection(ProjectConfigurationPlatforms) = postSolution
		{DA5351C9-6638-465C-A796-704F53713A20}.Debug|x64.ActiveCfg = Debug|x64
		{DA5351C9-6638-465C-A796-704F53713A20}.Debug|x64.Build.0 = Debug|x64
		{DA5351C9-6638-465C-A796-704F53713A20}.Debug|x86.ActiveCfg = Debug|Win32
		{DA5351C9-6638-465C-A796-704F53713A20}.Debug|x86.Build.0 = Debug|Win32
		{DA5351C9-6638-465C-A796-704F53713A20}.Release|x64.ActiveCfg = Release|x64
		{DA5351C9-6638-465C-A796-704F53713A20}.Release|x64.Build.0 = Release|x64
		{DA5351C9-6638-465C-A796-704F53713A20}.Release|x86.ActiveCfg = Release|Win32
		{DA5351C9-6638-465C-A796-704F53713A20}.Release|x86.Build.0 = Release|Win32
	EndGlobalSection
	GlobalSection(SolutionProperties) = preSolution
		HideSolutionNode = FALSE
	EndGlobalSection
	GlobalSection(ExtensibilityGlobals) = postSolution
		SolutionGuid = {BD3390FA-A4BF-4D41-AEC9-D8D8C5C1C4EA}
	EndGlobalSection
EndGlobal
